// !$*UTF8*$!
{
	archiveVersion = 1;
	classes = {
	};
	objectVersion = 56;
	objects = {

/* Begin PBXBuildFile section */
		77A3EB472B862EE300B519DC /* AppDelegate.swift in Sources */ = {isa = PBXBuildFile; fileRef = 77A3EB462B862EE300B519DC /* AppDelegate.swift */; };
		77A3EB492B862EE300B519DC /* SceneDelegate.swift in Sources */ = {isa = PBXBuildFile; fileRef = 77A3EB482B862EE300B519DC /* SceneDelegate.swift */; };
		77A3EB4B2B862EE300B519DC /* ProductListViewController.swift in Sources */ = {isa = PBXBuildFile; fileRef = 77A3EB4A2B862EE300B519DC /* ProductListViewController.swift */; };
		77A3EB4E2B862EE300B519DC /* Main.storyboard in Resources */ = {isa = PBXBuildFile; fileRef = 77A3EB4C2B862EE300B519DC /* Main.storyboard */; };
		77A3EB502B862EE500B519DC /* Assets.xcassets in Resources */ = {isa = PBXBuildFile; fileRef = 77A3EB4F2B862EE500B519DC /* Assets.xcassets */; };
		77A3EB532B862EE500B519DC /* LaunchScreen.storyboard in Resources */ = {isa = PBXBuildFile; fileRef = 77A3EB512B862EE500B519DC /* LaunchScreen.storyboard */; };
		77A3EB5C2B8630A900B519DC /* Inter-VariableFont_slnt,wght.ttf in Resources */ = {isa = PBXBuildFile; fileRef = 77A3EB5B2B8630A900B519DC /* Inter-VariableFont_slnt,wght.ttf */; };
		77A3EB612B8630DE00B519DC /* ProductListModel.swift in Sources */ = {isa = PBXBuildFile; fileRef = 77A3EB602B8630DE00B519DC /* ProductListModel.swift */; };
		77A3EB632B8630E700B519DC /* ProductListViewModel.swift in Sources */ = {isa = PBXBuildFile; fileRef = 77A3EB622B8630E700B519DC /* ProductListViewModel.swift */; };
		77A3EB662B8630FE00B519DC /* Extensions.swift in Sources */ = {isa = PBXBuildFile; fileRef = 77A3EB652B8630FE00B519DC /* Extensions.swift */; };
		77A3EB692B86337100B519DC /* NetworkManager.swift in Sources */ = {isa = PBXBuildFile; fileRef = 77A3EB682B86337100B519DC /* NetworkManager.swift */; };
		77A3EB6B2B86371900B519DC /* Constants.swift in Sources */ = {isa = PBXBuildFile; fileRef = 77A3EB6A2B86371900B519DC /* Constants.swift */; };
		77A3EB6D2B8638F100B519DC /* FavoriteViewController.swift in Sources */ = {isa = PBXBuildFile; fileRef = 77A3EB6C2B8638F100B519DC /* FavoriteViewController.swift */; };
		77A3EB6F2B8638F700B519DC /* BasketViewController.swift in Sources */ = {isa = PBXBuildFile; fileRef = 77A3EB6E2B8638F700B519DC /* BasketViewController.swift */; };
		77A3EB742B863D9300B519DC /* ProductListTableViewCell.swift in Sources */ = {isa = PBXBuildFile; fileRef = 77A3EB722B863D9300B519DC /* ProductListTableViewCell.swift */; };
		77A3EB752B863D9300B519DC /* ProductListTableViewCell.xib in Resources */ = {isa = PBXBuildFile; fileRef = 77A3EB732B863D9300B519DC /* ProductListTableViewCell.xib */; };
		77A3EB782B86430400B519DC /* SDWebImage in Frameworks */ = {isa = PBXBuildFile; productRef = 77A3EB772B86430400B519DC /* SDWebImage */; };
/* End PBXBuildFile section */

/* Begin PBXFileReference section */
		77A3EB432B862EE300B519DC /* ProductList.app */ = {isa = PBXFileReference; explicitFileType = wrapper.application; includeInIndex = 0; path = ProductList.app; sourceTree = BUILT_PRODUCTS_DIR; };
		77A3EB462B862EE300B519DC /* AppDelegate.swift */ = {isa = PBXFileReference; lastKnownFileType = sourcecode.swift; path = AppDelegate.swift; sourceTree = "<group>"; };
		77A3EB482B862EE300B519DC /* SceneDelegate.swift */ = {isa = PBXFileReference; lastKnownFileType = sourcecode.swift; path = SceneDelegate.swift; sourceTree = "<group>"; };
		77A3EB4A2B862EE300B519DC /* ProductListViewController.swift */ = {isa = PBXFileReference; lastKnownFileType = sourcecode.swift; path = ProductListViewController.swift; sourceTree = "<group>"; };
		77A3EB4D2B862EE300B519DC /* Base */ = {isa = PBXFileReference; lastKnownFileType = file.storyboard; name = Base; path = Base.lproj/Main.storyboard; sourceTree = "<group>"; };
		77A3EB4F2B862EE500B519DC /* Assets.xcassets */ = {isa = PBXFileReference; lastKnownFileType = folder.assetcatalog; path = Assets.xcassets; sourceTree = "<group>"; };
		77A3EB522B862EE500B519DC /* Base */ = {isa = PBXFileReference; lastKnownFileType = file.storyboard; name = Base; path = Base.lproj/LaunchScreen.storyboard; sourceTree = "<group>"; };
		77A3EB542B862EE500B519DC /* Info.plist */ = {isa = PBXFileReference; lastKnownFileType = text.plist.xml; path = Info.plist; sourceTree = "<group>"; };
		77A3EB5B2B8630A900B519DC /* Inter-VariableFont_slnt,wght.ttf */ = {isa = PBXFileReference; lastKnownFileType = file; path = "Inter-VariableFont_slnt,wght.ttf"; sourceTree = "<group>"; };
		77A3EB602B8630DE00B519DC /* ProductListModel.swift */ = {isa = PBXFileReference; lastKnownFileType = sourcecode.swift; path = ProductListModel.swift; sourceTree = "<group>"; };
		77A3EB622B8630E700B519DC /* ProductListViewModel.swift */ = {isa = PBXFileReference; lastKnownFileType = sourcecode.swift; path = ProductListViewModel.swift; sourceTree = "<group>"; };
		77A3EB652B8630FE00B519DC /* Extensions.swift */ = {isa = PBXFileReference; lastKnownFileType = sourcecode.swift; path = Extensions.swift; sourceTree = "<group>"; };
		77A3EB682B86337100B519DC /* NetworkManager.swift */ = {isa = PBXFileReference; lastKnownFileType = sourcecode.swift; path = NetworkManager.swift; sourceTree = "<group>"; };
		77A3EB6A2B86371900B519DC /* Constants.swift */ = {isa = PBXFileReference; lastKnownFileType = sourcecode.swift; path = Constants.swift; sourceTree = "<group>"; };
		77A3EB6C2B8638F100B519DC /* FavoriteViewController.swift */ = {isa = PBXFileReference; lastKnownFileType = sourcecode.swift; path = FavoriteViewController.swift; sourceTree = "<group>"; };
		77A3EB6E2B8638F700B519DC /* BasketViewController.swift */ = {isa = PBXFileReference; lastKnownFileType = sourcecode.swift; path = BasketViewController.swift; sourceTree = "<group>"; };
		77A3EB722B863D9300B519DC /* ProductListTableViewCell.swift */ = {isa = PBXFileReference; lastKnownFileType = sourcecode.swift; path = ProductListTableViewCell.swift; sourceTree = "<group>"; };
		77A3EB732B863D9300B519DC /* ProductListTableViewCell.xib */ = {isa = PBXFileReference; lastKnownFileType = file.xib; path = ProductListTableViewCell.xib; sourceTree = "<group>"; };
/* End PBXFileReference section */

/* Begin PBXFrameworksBuildPhase section */
		77A3EB402B862EE300B519DC /* Frameworks */ = {
			isa = PBXFrameworksBuildPhase;
			buildActionMask = 2147483647;
			files = (
				77A3EB782B86430400B519DC /* SDWebImage in Frameworks */,
			);
			runOnlyForDeploymentPostprocessing = 0;
		};
/* End PBXFrameworksBuildPhase section */

/* Begin PBXGroup section */
		77A3EB3A2B862EE300B519DC = {
			isa = PBXGroup;
			children = (
				77A3EB452B862EE300B519DC /* ProductList */,
				77A3EB442B862EE300B519DC /* Products */,
			);
			sourceTree = "<group>";
		};
		77A3EB442B862EE300B519DC /* Products */ = {
			isa = PBXGroup;
			children = (
				77A3EB432B862EE300B519DC /* ProductList.app */,
			);
			name = Products;
			sourceTree = "<group>";
		};
		77A3EB452B862EE300B519DC /* ProductList */ = {
			isa = PBXGroup;
			children = (
				77A3EB672B86310600B519DC /* Configurations */,
				77A3EB642B8630F400B519DC /* Utils */,
				77A3EB5F2B8630C900B519DC /* ViewModel */,
				77A3EB5E2B8630C500B519DC /* View */,
				77A3EB5D2B8630C100B519DC /* Model */,
				77A3EB5A2B86309E00B519DC /* Fonts */,
				77A3EB4C2B862EE300B519DC /* Main.storyboard */,
				77A3EB4F2B862EE500B519DC /* Assets.xcassets */,
				77A3EB542B862EE500B519DC /* Info.plist */,
			);
			path = ProductList;
			sourceTree = "<group>";
		};
		77A3EB5A2B86309E00B519DC /* Fonts */ = {
			isa = PBXGroup;
			children = (
				77A3EB5B2B8630A900B519DC /* Inter-VariableFont_slnt,wght.ttf */,
			);
			path = Fonts;
			sourceTree = "<group>";
		};
		77A3EB5D2B8630C100B519DC /* Model */ = {
			isa = PBXGroup;
			children = (
				77A3EB602B8630DE00B519DC /* ProductListModel.swift */,
			);
			path = Model;
			sourceTree = "<group>";
		};
		77A3EB5E2B8630C500B519DC /* View */ = {
			isa = PBXGroup;
			children = (
				77A3EB702B863D7400B519DC /* ProductList */,
				77A3EB6C2B8638F100B519DC /* FavoriteViewController.swift */,
				77A3EB6E2B8638F700B519DC /* BasketViewController.swift */,
			);
			path = View;
			sourceTree = "<group>";
		};
		77A3EB5F2B8630C900B519DC /* ViewModel */ = {
			isa = PBXGroup;
			children = (
				77A3EB622B8630E700B519DC /* ProductListViewModel.swift */,
			);
			path = ViewModel;
			sourceTree = "<group>";
		};
		77A3EB642B8630F400B519DC /* Utils */ = {
			isa = PBXGroup;
			children = (
				77A3EB652B8630FE00B519DC /* Extensions.swift */,
				77A3EB682B86337100B519DC /* NetworkManager.swift */,
				77A3EB6A2B86371900B519DC /* Constants.swift */,
			);
			path = Utils;
			sourceTree = "<group>";
		};
		77A3EB672B86310600B519DC /* Configurations */ = {
			isa = PBXGroup;
			children = (
				77A3EB512B862EE500B519DC /* LaunchScreen.storyboard */,
				77A3EB462B862EE300B519DC /* AppDelegate.swift */,
				77A3EB482B862EE300B519DC /* SceneDelegate.swift */,
			);
			path = Configurations;
			sourceTree = "<group>";
		};
		77A3EB702B863D7400B519DC /* ProductList */ = {
			isa = PBXGroup;
			children = (
				77A3EB712B863D7F00B519DC /* Cell */,
				77A3EB4A2B862EE300B519DC /* ProductListViewController.swift */,
			);
			path = ProductList;
			sourceTree = "<group>";
		};
		77A3EB712B863D7F00B519DC /* Cell */ = {
			isa = PBXGroup;
			children = (
				77A3EB722B863D9300B519DC /* ProductListTableViewCell.swift */,
				77A3EB732B863D9300B519DC /* ProductListTableViewCell.xib */,
			);
			path = Cell;
			sourceTree = "<group>";
		};
/* End PBXGroup section */

/* Begin PBXNativeTarget section */
		77A3EB422B862EE300B519DC /* ProductList */ = {
			isa = PBXNativeTarget;
			buildConfigurationList = 77A3EB572B862EE500B519DC /* Build configuration list for PBXNativeTarget "ProductList" */;
			buildPhases = (
				77A3EB3F2B862EE300B519DC /* Sources */,
				77A3EB402B862EE300B519DC /* Frameworks */,
				77A3EB412B862EE300B519DC /* Resources */,
			);
			buildRules = (
			);
			dependencies = (
			);
			name = ProductList;
			packageProductDependencies = (
				77A3EB772B86430400B519DC /* SDWebImage */,
			);
			productName = ProductList;
			productReference = 77A3EB432B862EE300B519DC /* ProductList.app */;
			productType = "com.apple.product-type.application";
		};
/* End PBXNativeTarget section */

/* Begin PBXProject section */
		77A3EB3B2B862EE300B519DC /* Project object */ = {
			isa = PBXProject;
			attributes = {
				BuildIndependentTargetsInParallel = 1;
				LastSwiftUpdateCheck = 1520;
				LastUpgradeCheck = 1520;
				TargetAttributes = {
					77A3EB422B862EE300B519DC = {
						CreatedOnToolsVersion = 15.2;
					};
				};
			};
			buildConfigurationList = 77A3EB3E2B862EE300B519DC /* Build configuration list for PBXProject "ProductList" */;
			compatibilityVersion = "Xcode 14.0";
			developmentRegion = en;
			hasScannedForEncodings = 0;
			knownRegions = (
				en,
				Base,
			);
			mainGroup = 77A3EB3A2B862EE300B519DC;
			packageReferences = (
				77A3EB762B86430400B519DC /* XCRemoteSwiftPackageReference "SDWebImage" */,
			);
			productRefGroup = 77A3EB442B862EE300B519DC /* Products */;
			projectDirPath = "";
			projectRoot = "";
			targets = (
				77A3EB422B862EE300B519DC /* ProductList */,
			);
		};
/* End PBXProject section */

/* Begin PBXResourcesBuildPhase section */
		77A3EB412B862EE300B519DC /* Resources */ = {
			isa = PBXResourcesBuildPhase;
			buildActionMask = 2147483647;
			files = (
				77A3EB752B863D9300B519DC /* ProductListTableViewCell.xib in Resources */,
				77A3EB5C2B8630A900B519DC /* Inter-VariableFont_slnt,wght.ttf in Resources */,
				77A3EB532B862EE500B519DC /* LaunchScreen.storyboard in Resources */,
				77A3EB502B862EE500B519DC /* Assets.xcassets in Resources */,
				77A3EB4E2B862EE300B519DC /* Main.storyboard in Resources */,
			);
			runOnlyForDeploymentPostprocessing = 0;
		};
/* End PBXResourcesBuildPhase section */

/* Begin PBXSourcesBuildPhase section */
		77A3EB3F2B862EE300B519DC /* Sources */ = {
			isa = PBXSourcesBuildPhase;
			buildActionMask = 2147483647;
			files = (
				77A3EB6F2B8638F700B519DC /* BasketViewController.swift in Sources */,
				77A3EB4B2B862EE300B519DC /* ProductListViewController.swift in Sources */,
				77A3EB662B8630FE00B519DC /* Extensions.swift in Sources */,
				77A3EB472B862EE300B519DC /* AppDelegate.swift in Sources */,
				77A3EB692B86337100B519DC /* NetworkManager.swift in Sources */,
				77A3EB6D2B8638F100B519DC /* FavoriteViewController.swift in Sources */,
				77A3EB632B8630E700B519DC /* ProductListViewModel.swift in Sources */,
				77A3EB492B862EE300B519DC /* SceneDelegate.swift in Sources */,
				77A3EB612B8630DE00B519DC /* ProductListModel.swift in Sources */,
				77A3EB6B2B86371900B519DC /* Constants.swift in Sources */,
				77A3EB742B863D9300B519DC /* ProductListTableViewCell.swift in Sources */,
			);
			runOnlyForDeploymentPostprocessing = 0;
		};
/* End PBXSourcesBuildPhase section */

/* Begin PBXVariantGroup section */
		77A3EB4C2B862EE300B519DC /* Main.storyboard */ = {
			isa = PBXVariantGroup;
			children = (
				77A3EB4D2B862EE300B519DC /* Base */,
			);
			name = Main.storyboard;
			sourceTree = "<group>";
		};
		77A3EB512B862EE500B519DC /* LaunchScreen.storyboard */ = {
			isa = PBXVariantGroup;
			children = (
				77A3EB522B862EE500B519DC /* Base */,
			);
			name = LaunchScreen.storyboard;
			sourceTree = "<group>";
		};
/* End PBXVariantGroup section */

/* Begin XCBuildConfiguration section */
		77A3EB552B862EE500B519DC /* Debug */ = {
			isa = XCBuildConfiguration;
			buildSettings = {
				ALWAYS_SEARCH_USER_PATHS = NO;
				ASSETCATALOG_COMPILER_GENERATE_SWIFT_ASSET_SYMBOL_EXTENSIONS = YES;
				CLANG_ANALYZER_NONNULL = YES;
				CLANG_ANALYZER_NUMBER_OBJECT_CONVERSION = YES_AGGRESSIVE;
				CLANG_CXX_LANGUAGE_STANDARD = "gnu++20";
				CLANG_ENABLE_MODULES = YES;
				CLANG_ENABLE_OBJC_ARC = YES;
				CLANG_ENABLE_OBJC_WEAK = YES;
				CLANG_WARN_BLOCK_CAPTURE_AUTORELEASING = YES;
				CLANG_WARN_BOOL_CONVERSION = YES;
				CLANG_WARN_COMMA = YES;
				CLANG_WARN_CONSTANT_CONVERSION = YES;
				CLANG_WARN_DEPRECATED_OBJC_IMPLEMENTATIONS = YES;
				CLANG_WARN_DIRECT_OBJC_ISA_USAGE = YES_ERROR;
				CLANG_WARN_DOCUMENTATION_COMMENTS = YES;
				CLANG_WARN_EMPTY_BODY = YES;
				CLANG_WARN_ENUM_CONVERSION = YES;
				CLANG_WARN_INFINITE_RECURSION = YES;
				CLANG_WARN_INT_CONVERSION = YES;
				CLANG_WARN_NON_LITERAL_NULL_CONVERSION = YES;
				CLANG_WARN_OBJC_IMPLICIT_RETAIN_SELF = YES;
				CLANG_WARN_OBJC_LITERAL_CONVERSION = YES;
				CLANG_WARN_OBJC_ROOT_CLASS = YES_ERROR;
				CLANG_WARN_QUOTED_INCLUDE_IN_FRAMEWORK_HEADER = YES;
				CLANG_WARN_RANGE_LOOP_ANALYSIS = YES;
				CLANG_WARN_STRICT_PROTOTYPES = YES;
				CLANG_WARN_SUSPICIOUS_MOVE = YES;
				CLANG_WARN_UNGUARDED_AVAILABILITY = YES_AGGRESSIVE;
				CLANG_WARN_UNREACHABLE_CODE = YES;
				CLANG_WARN__DUPLICATE_METHOD_MATCH = YES;
				COPY_PHASE_STRIP = NO;
				DEBUG_INFORMATION_FORMAT = dwarf;
				ENABLE_STRICT_OBJC_MSGSEND = YES;
				ENABLE_TESTABILITY = YES;
				ENABLE_USER_SCRIPT_SANDBOXING = YES;
				GCC_C_LANGUAGE_STANDARD = gnu17;
				GCC_DYNAMIC_NO_PIC = NO;
				GCC_NO_COMMON_BLOCKS = YES;
				GCC_OPTIMIZATION_LEVEL = 0;
				GCC_PREPROCESSOR_DEFINITIONS = (
					"DEBUG=1",
					"$(inherited)",
				);
				GCC_WARN_64_TO_32_BIT_CONVERSION = YES;
				GCC_WARN_ABOUT_RETURN_TYPE = YES_ERROR;
				GCC_WARN_UNDECLARED_SELECTOR = YES;
				GCC_WARN_UNINITIALIZED_AUTOS = YES_AGGRESSIVE;
				GCC_WARN_UNUSED_FUNCTION = YES;
				GCC_WARN_UNUSED_VARIABLE = YES;
				IPHONEOS_DEPLOYMENT_TARGET = 17.2;
				LOCALIZATION_PREFERS_STRING_CATALOGS = YES;
				MTL_ENABLE_DEBUG_INFO = INCLUDE_SOURCE;
				MTL_FAST_MATH = YES;
				ONLY_ACTIVE_ARCH = YES;
				SDKROOT = iphoneos;
				SWIFT_ACTIVE_COMPILATION_CONDITIONS = "DEBUG $(inherited)";
				SWIFT_OPTIMIZATION_LEVEL = "-Onone";
			};
			name = Debug;
		};
		77A3EB562B862EE500B519DC /* Release */ = {
			isa = XCBuildConfiguration;
			buildSettings = {
				ALWAYS_SEARCH_USER_PATHS = NO;
				ASSETCATALOG_COMPILER_GENERATE_SWIFT_ASSET_SYMBOL_EXTENSIONS = YES;
				CLANG_ANALYZER_NONNULL = YES;
				CLANG_ANALYZER_NUMBER_OBJECT_CONVERSION = YES_AGGRESSIVE;
				CLANG_CXX_LANGUAGE_STANDARD = "gnu++20";
				CLANG_ENABLE_MODULES = YES;
				CLANG_ENABLE_OBJC_ARC = YES;
				CLANG_ENABLE_OBJC_WEAK = YES;
				CLANG_WARN_BLOCK_CAPTURE_AUTORELEASING = YES;
				CLANG_WARN_BOOL_CONVERSION = YES;
				CLANG_WARN_COMMA = YES;
				CLANG_WARN_CONSTANT_CONVERSION = YES;
				CLANG_WARN_DEPRECATED_OBJC_IMPLEMENTATIONS = YES;
				CLANG_WARN_DIRECT_OBJC_ISA_USAGE = YES_ERROR;
				CLANG_WARN_DOCUMENTATION_COMMENTS = YES;
				CLANG_WARN_EMPTY_BODY = YES;
				CLANG_WARN_ENUM_CONVERSION = YES;
				CLANG_WARN_INFINITE_RECURSION = YES;
				CLANG_WARN_INT_CONVERSION = YES;
				CLANG_WARN_NON_LITERAL_NULL_CONVERSION = YES;
				CLANG_WARN_OBJC_IMPLICIT_RETAIN_SELF = YES;
				CLANG_WARN_OBJC_LITERAL_CONVERSION = YES;
				CLANG_WARN_OBJC_ROOT_CLASS = YES_ERROR;
				CLANG_WARN_QUOTED_INCLUDE_IN_FRAMEWORK_HEADER = YES;
				CLANG_WARN_RANGE_LOOP_ANALYSIS = YES;
				CLANG_WARN_STRICT_PROTOTYPES = YES;
				CLANG_WARN_SUSPICIOUS_MOVE = YES;
				CLANG_WARN_UNGUARDED_AVAILABILITY = YES_AGGRESSIVE;
				CLANG_WARN_UNREACHABLE_CODE = YES;
				CLANG_WARN__DUPLICATE_METHOD_MATCH = YES;
				COPY_PHASE_STRIP = NO;
				DEBUG_INFORMATION_FORMAT = "dwarf-with-dsym";
				ENABLE_NS_ASSERTIONS = NO;
				ENABLE_STRICT_OBJC_MSGSEND = YES;
				ENABLE_USER_SCRIPT_SANDBOXING = YES;
				GCC_C_LANGUAGE_STANDARD = gnu17;
				GCC_NO_COMMON_BLOCKS = YES;
				GCC_WARN_64_TO_32_BIT_CONVERSION = YES;
				GCC_WARN_ABOUT_RETURN_TYPE = YES_ERROR;
				GCC_WARN_UNDECLARED_SELECTOR = YES;
				GCC_WARN_UNINITIALIZED_AUTOS = YES_AGGRESSIVE;
				GCC_WARN_UNUSED_FUNCTION = YES;
				GCC_WARN_UNUSED_VARIABLE = YES;
				IPHONEOS_DEPLOYMENT_TARGET = 17.2;
				LOCALIZATION_PREFERS_STRING_CATALOGS = YES;
				MTL_ENABLE_DEBUG_INFO = NO;
				MTL_FAST_MATH = YES;
				SDKROOT = iphoneos;
				SWIFT_COMPILATION_MODE = wholemodule;
				VALIDATE_PRODUCT = YES;
			};
			name = Release;
		};
		77A3EB582B862EE500B519DC /* Debug */ = {
			isa = XCBuildConfiguration;
			buildSettings = {
				ASSETCATALOG_COMPILER_APPICON_NAME = AppIcon;
				ASSETCATALOG_COMPILER_GLOBAL_ACCENT_COLOR_NAME = AccentColor;
				CODE_SIGN_STYLE = Automatic;
				CURRENT_PROJECT_VERSION = 1;
				GENERATE_INFOPLIST_FILE = YES;
				INFOPLIST_FILE = ProductList/Info.plist;
				INFOPLIST_KEY_UIApplicationSupportsIndirectInputEvents = YES;
				INFOPLIST_KEY_UILaunchStoryboardName = LaunchScreen;
				INFOPLIST_KEY_UIMainStoryboardFile = Main;
				INFOPLIST_KEY_UISupportedInterfaceOrientations_iPad = "UIInterfaceOrientationPortrait UIInterfaceOrientationPortraitUpsideDown UIInterfaceOrientationLandscapeLeft UIInterfaceOrientationLandscapeRight";
				INFOPLIST_KEY_UISupportedInterfaceOrientations_iPhone = "UIInterfaceOrientationPortrait UIInterfaceOrientationLandscapeLeft UIInterfaceOrientationLandscapeRight";
				LD_RUNPATH_SEARCH_PATHS = (
					"$(inherited)",
					"@executable_path/Frameworks",
				);
				MARKETING_VERSION = 1.0;
				PRODUCT_BUNDLE_IDENTIFIER = com.ProductList;
				PRODUCT_NAME = "$(TARGET_NAME)";
				SWIFT_EMIT_LOC_STRINGS = YES;
				SWIFT_VERSION = 5.0;
				TARGETED_DEVICE_FAMILY = "1,2";
			};
			name = Debug;
		};
		77A3EB592B862EE500B519DC /* Release */ = {
			isa = XCBuildConfiguration;
			buildSettings = {
				ASSETCATALOG_COMPILER_APPICON_NAME = AppIcon;
				ASSETCATALOG_COMPILER_GLOBAL_ACCENT_COLOR_NAME = AccentColor;
				CODE_SIGN_STYLE = Automatic;
				CURRENT_PROJECT_VERSION = 1;
				GENERATE_INFOPLIST_FILE = YES;
				INFOPLIST_FILE = ProductList/Info.plist;
				INFOPLIST_KEY_UIApplicationSupportsIndirectInputEvents = YES;
				INFOPLIST_KEY_UILaunchStoryboardName = LaunchScreen;
				INFOPLIST_KEY_UIMainStoryboardFile = Main;
				INFOPLIST_KEY_UISupportedInterfaceOrientations_iPad = "UIInterfaceOrientationPortrait UIInterfaceOrientationPortraitUpsideDown UIInterfaceOrientationLandscapeLeft UIInterfaceOrientationLandscapeRight";
				INFOPLIST_KEY_UISupportedInterfaceOrientations_iPhone = "UIInterfaceOrientationPortrait UIInterfaceOrientationLandscapeLeft UIInterfaceOrientationLandscapeRight";
				LD_RUNPATH_SEARCH_PATHS = (
					"$(inherited)",
					"@executable_path/Frameworks",
				);
				MARKETING_VERSION = 1.0;
				PRODUCT_BUNDLE_IDENTIFIER = com.ProductList;
				PRODUCT_NAME = "$(TARGET_NAME)";
				SWIFT_EMIT_LOC_STRINGS = YES;
				SWIFT_VERSION = 5.0;
				TARGETED_DEVICE_FAMILY = "1,2";
			};
			name = Release;
		};
/* End XCBuildConfiguration section */

/* Begin XCConfigurationList section */
		77A3EB3E2B862EE300B519DC /* Build configuration list for PBXProject "ProductList" */ = {
			isa = XCConfigurationList;
			buildConfigurations = (
				77A3EB552B862EE500B519DC /* Debug */,
				77A3EB562B862EE500B519DC /* Release */,
			);
			defaultConfigurationIsVisible = 0;
			defaultConfigurationName = Release;
		};
		77A3EB572B862EE500B519DC /* Build configuration list for PBXNativeTarget "ProductList" */ = {
			isa = XCConfigurationList;
			buildConfigurations = (
				77A3EB582B862EE500B519DC /* Debug */,
				77A3EB592B862EE500B519DC /* Release */,
			);
			defaultConfigurationIsVisible = 0;
			defaultConfigurationName = Release;
		};
/* End XCConfigurationList section */

/* Begin XCRemoteSwiftPackageReference section */
		77A3EB762B86430400B519DC /* XCRemoteSwiftPackageReference "SDWebImage" */ = {
			isa = XCRemoteSwiftPackageReference;
			repositoryURL = "https://github.com/SDWebImage/SDWebImage.git";
			requirement = {
				kind = upToNextMajorVersion;
				minimumVersion = 5.18.11;
			};
		};
/* End XCRemoteSwiftPackageReference section */

/* Begin XCSwiftPackageProductDependency section */
		77A3EB772B86430400B519DC /* SDWebImage */ = {
			isa = XCSwiftPackageProductDependency;
			package = 77A3EB762B86430400B519DC /* XCRemoteSwiftPackageReference "SDWebImage" */;
			productName = SDWebImage;
		};
/* End XCSwiftPackageProductDependency section */
	};
	rootObject = 77A3EB3B2B862EE300B519DC /* Project object */;
}
